
Microsoft Visual Studio Solution File, Format Version 12.00
# Visual Studio Version 16
VisualStudioVersion = 16.0.33027.164
MinimumVisualStudioVersion = 10.0.40219.1
Project("{FAE04EC0-301F-11D3-BF4B-00C04F79EFBC}") = "Excersze13", "Excersze13.csproj", "{5975843B-EDB9-438B-9068-EA272C1B3AEC}"
EndProject
Global
	GlobalSection(SolutionConfigurationPlatforms) = preSolution
		Debug|Any CPU = Debug|Any CPU
		Release|Any CPU = Release|Any CPU
	EndGlobalSection
	GlobalSection(ProjectConfigurationPlatforms) = postSolution
		{5975843B-EDB9-438B-9068-EA272C1B3AEC}.Debug|Any CPU.ActiveCfg = Debug|Any CPU
		{5975843B-EDB9-438B-9068-EA272C1B3AEC}.Debug|Any CPU.Build.0 = Debug|Any CPU
		{5975843B-EDB9-438B-9068-EA272C1B3AEC}.Release|Any CPU.ActiveCfg = Release|Any CPU
		{5975843B-EDB9-438B-9068-EA272C1B3AEC}.Release|Any CPU.Build.0 = Release|Any CPU
	EndGlobalSection
	GlobalSection(SolutionProperties) = preSolution
		HideSolutionNode = FALSE
	EndGlobalSection
	GlobalSection(ExtensibilityGlobals) = postSolution
		SolutionGuid = {25A86448-253E-4B3E-B062-0C4D3023D267}
	EndGlobalSection
EndGlobal
